
Microsoft Visual Studio Solution File, Format Version 12.00
# Visual Studio Version 17
VisualStudioVersion = 17.9.34622.214
MinimumVisualStudioVersion = 10.0.40219.1
Project("{9A19103F-16F7-4668-BE54-9A1E7A4F7556}") = "WebApp", "WebApp.csproj", "{55ADE8B0-03E7-4142-965C-AC45CA9E4913}"
EndProject
Project("{FAE04EC0-301F-11D3-BF4B-00C04F79EFBC}") = "WebApp.WebApi", "..\WebApp.WebApi\WebApp.WebApi.csproj", "{46CD55E4-1440-4956-B034-6F7ECC6C7E46}"
EndProject
Global
	GlobalSection(SolutionConfigurationPlatforms) = preSolution
		Debug|Any CPU = Debug|Any CPU
		Release|Any CPU = Release|Any CPU
	EndGlobalSection
	GlobalSection(ProjectConfigurationPlatforms) = postSolution
		{55ADE8B0-03E7-4142-965C-AC45CA9E4913}.Debug|Any CPU.ActiveCfg = Debug|Any CPU
		{55ADE8B0-03E7-4142-965C-AC45CA9E4913}.Debug|Any CPU.Build.0 = Debug|Any CPU
		{55ADE8B0-03E7-4142-965C-AC45CA9E4913}.Release|Any CPU.ActiveCfg = Release|Any CPU
		{55ADE8B0-03E7-4142-965C-AC45CA9E4913}.Release|Any CPU.Build.0 = Release|Any CPU
		{46CD55E4-1440-4956-B034-6F7ECC6C7E46}.Debug|Any CPU.ActiveCfg = Debug|Any CPU
		{46CD55E4-1440-4956-B034-6F7ECC6C7E46}.Debug|Any CPU.Build.0 = Debug|Any CPU
		{46CD55E4-1440-4956-B034-6F7ECC6C7E46}.Release|Any CPU.ActiveCfg = Release|Any CPU
		{46CD55E4-1440-4956-B034-6F7ECC6C7E46}.Release|Any CPU.Build.0 = Release|Any CPU
	EndGlobalSection
	GlobalSection(SolutionProperties) = preSolution
		HideSolutionNode = FALSE
	EndGlobalSection
	GlobalSection(ExtensibilityGlobals) = postSolution
		SolutionGuid = {94EFDFA6-F68A-4672-B4CA-AA793262A258}
	EndGlobalSection
EndGlobal
